
Microsoft Visual Studio Solution File, Format Version 12.00
# Visual Studio 15
VisualStudioVersion = 15.0.26124.0
MinimumVisualStudioVersion = 15.0.26124.0
Project("{FAE04EC0-301F-11D3-BF4B-00C04F79EFBC}") = "Dapr.Wrapr.Example.Api", "Dapr.Wrapr.Example.Api\Dapr.Wrapr.Example.Api.csproj", "{7C573C1E-0EA5-4C48-AB52-9072310F7F15}"
EndProject
Project("{FAE04EC0-301F-11D3-BF4B-00C04F79EFBC}") = "Dapr.Wrapr.Example.Api.IntegrationTests", "Dapr.Wrapr.Example.Api.IntegrationTests\Dapr.Wrapr.Example.Api.IntegrationTests.csproj", "{92022607-03E2-4CAD-B632-40C20FE8D944}"
EndProject
Global
	GlobalSection(SolutionConfigurationPlatforms) = preSolution
		Debug|Any CPU = Debug|Any CPU
		Debug|x64 = Debug|x64
		Debug|x86 = Debug|x86
		Release|Any CPU = Release|Any CPU
		Release|x64 = Release|x64
		Release|x86 = Release|x86
	EndGlobalSection
	GlobalSection(SolutionProperties) = preSolution
		HideSolutionNode = FALSE
	EndGlobalSection
	GlobalSection(ProjectConfigurationPlatforms) = postSolution
		{7C573C1E-0EA5-4C48-AB52-9072310F7F15}.Debug|Any CPU.ActiveCfg = Debug|Any CPU
		{7C573C1E-0EA5-4C48-AB52-9072310F7F15}.Debug|Any CPU.Build.0 = Debug|Any CPU
		{7C573C1E-0EA5-4C48-AB52-9072310F7F15}.Debug|x64.ActiveCfg = Debug|Any CPU
		{7C573C1E-0EA5-4C48-AB52-9072310F7F15}.Debug|x64.Build.0 = Debug|Any CPU
		{7C573C1E-0EA5-4C48-AB52-9072310F7F15}.Debug|x86.ActiveCfg = Debug|Any CPU
		{7C573C1E-0EA5-4C48-AB52-9072310F7F15}.Debug|x86.Build.0 = Debug|Any CPU
		{7C573C1E-0EA5-4C48-AB52-9072310F7F15}.Release|Any CPU.ActiveCfg = Release|Any CPU
		{7C573C1E-0EA5-4C48-AB52-9072310F7F15}.Release|Any CPU.Build.0 = Release|Any CPU
		{7C573C1E-0EA5-4C48-AB52-9072310F7F15}.Release|x64.ActiveCfg = Release|Any CPU
		{7C573C1E-0EA5-4C48-AB52-9072310F7F15}.Release|x64.Build.0 = Release|Any CPU
		{7C573C1E-0EA5-4C48-AB52-9072310F7F15}.Release|x86.ActiveCfg = Release|Any CPU
		{7C573C1E-0EA5-4C48-AB52-9072310F7F15}.Release|x86.Build.0 = Release|Any CPU
		{92022607-03E2-4CAD-B632-40C20FE8D944}.Debug|Any CPU.ActiveCfg = Debug|Any CPU
		{92022607-03E2-4CAD-B632-40C20FE8D944}.Debug|Any CPU.Build.0 = Debug|Any CPU
		{92022607-03E2-4CAD-B632-40C20FE8D944}.Debug|x64.ActiveCfg = Debug|Any CPU
		{92022607-03E2-4CAD-B632-40C20FE8D944}.Debug|x64.Build.0 = Debug|Any CPU
		{92022607-03E2-4CAD-B632-40C20FE8D944}.Debug|x86.ActiveCfg = Debug|Any CPU
		{92022607-03E2-4CAD-B632-40C20FE8D944}.Debug|x86.Build.0 = Debug|Any CPU
		{92022607-03E2-4CAD-B632-40C20FE8D944}.Release|Any CPU.ActiveCfg = Release|Any CPU
		{92022607-03E2-4CAD-B632-40C20FE8D944}.Release|Any CPU.Build.0 = Release|Any CPU
		{92022607-03E2-4CAD-B632-40C20FE8D944}.Release|x64.ActiveCfg = Release|Any CPU
		{92022607-03E2-4CAD-B632-40C20FE8D944}.Release|x64.Build.0 = Release|Any CPU
		{92022607-03E2-4CAD-B632-40C20FE8D944}.Release|x86.ActiveCfg = Release|Any CPU
		{92022607-03E2-4CAD-B632-40C20FE8D944}.Release|x86.Build.0 = Release|Any CPU
	EndGlobalSection
EndGlobal
