
Microsoft Visual Studio Solution File, Format Version 12.00
Project("{FAE04EC0-301F-11D3-BF4B-00C04F79EFBC}") = "Wrapr.Api", "Wrapr.Api\Wrapr.Api.csproj", "{6E8574AE-AD9E-430E-8BD6-EDDD0EB7117F}"
EndProject
Project("{FAE04EC0-301F-11D3-BF4B-00C04F79EFBC}") = "Wrapr.Api.IntegrationTests", "Wrapr.Api.IntegrationTests\Wrapr.Api.IntegrationTests.csproj", "{77319C28-5A8E-4A52-A696-B3ED16A601A2}"
EndProject
Project("{2150E333-8FDC-42A3-9474-1A3956D46DE8}") = "_", "_", "{1F739394-B97F-481F-9BCD-89E2E9CAEA93}"
ProjectSection(SolutionItems) = preProject
	README.md = README.md
	appveyor.yml = appveyor.yml
EndProjectSection
EndProject
Project("{FAE04EC0-301F-11D3-BF4B-00C04F79EFBC}") = "Wrapr", "Wrapr\Wrapr.csproj", "{0317D69C-C1FD-4085-9B77-C0BF81DE565E}"
EndProject
Project("{FAE04EC0-301F-11D3-BF4B-00C04F79EFBC}") = "Wrapr.Tests", "Wrapr.Tests\Wrapr.Tests.csproj", "{9D4481BB-294F-4CBB-AB14-2E93F4F2877F}"
EndProject
Global
	GlobalSection(SolutionConfigurationPlatforms) = preSolution
		Debug|Any CPU = Debug|Any CPU
		Release|Any CPU = Release|Any CPU
	EndGlobalSection
	GlobalSection(ProjectConfigurationPlatforms) = postSolution
		{6E8574AE-AD9E-430E-8BD6-EDDD0EB7117F}.Debug|Any CPU.ActiveCfg = Debug|Any CPU
		{6E8574AE-AD9E-430E-8BD6-EDDD0EB7117F}.Debug|Any CPU.Build.0 = Debug|Any CPU
		{6E8574AE-AD9E-430E-8BD6-EDDD0EB7117F}.Release|Any CPU.ActiveCfg = Release|Any CPU
		{6E8574AE-AD9E-430E-8BD6-EDDD0EB7117F}.Release|Any CPU.Build.0 = Release|Any CPU
		{77319C28-5A8E-4A52-A696-B3ED16A601A2}.Debug|Any CPU.ActiveCfg = Debug|Any CPU
		{77319C28-5A8E-4A52-A696-B3ED16A601A2}.Debug|Any CPU.Build.0 = Debug|Any CPU
		{77319C28-5A8E-4A52-A696-B3ED16A601A2}.Release|Any CPU.ActiveCfg = Release|Any CPU
		{77319C28-5A8E-4A52-A696-B3ED16A601A2}.Release|Any CPU.Build.0 = Release|Any CPU
		{0317D69C-C1FD-4085-9B77-C0BF81DE565E}.Debug|Any CPU.ActiveCfg = Debug|Any CPU
		{0317D69C-C1FD-4085-9B77-C0BF81DE565E}.Debug|Any CPU.Build.0 = Debug|Any CPU
		{0317D69C-C1FD-4085-9B77-C0BF81DE565E}.Release|Any CPU.ActiveCfg = Release|Any CPU
		{0317D69C-C1FD-4085-9B77-C0BF81DE565E}.Release|Any CPU.Build.0 = Release|Any CPU
		{9D4481BB-294F-4CBB-AB14-2E93F4F2877F}.Debug|Any CPU.ActiveCfg = Debug|Any CPU
		{9D4481BB-294F-4CBB-AB14-2E93F4F2877F}.Debug|Any CPU.Build.0 = Debug|Any CPU
		{9D4481BB-294F-4CBB-AB14-2E93F4F2877F}.Release|Any CPU.ActiveCfg = Release|Any CPU
		{9D4481BB-294F-4CBB-AB14-2E93F4F2877F}.Release|Any CPU.Build.0 = Release|Any CPU
	EndGlobalSection
EndGlobal
